// !$*UTF8*$!
{
	archiveVersion = 1;
	classes = {
	};
	objectVersion = 55;
	objects = {

/* Begin PBXBuildFile section */
		EE69CCA3276013A20085D4D6 /* AppDelegate.swift in Sources */ = {isa = PBXBuildFile; fileRef = EE69CCA2276013A20085D4D6 /* AppDelegate.swift */; };
		EE69CCA5276013A20085D4D6 /* SceneDelegate.swift in Sources */ = {isa = PBXBuildFile; fileRef = EE69CCA4276013A20085D4D6 /* SceneDelegate.swift */; };
		EE69CCA7276013A20085D4D6 /* ViewController.swift in Sources */ = {isa = PBXBuildFile; fileRef = EE69CCA6276013A20085D4D6 /* ViewController.swift */; };
		EE69CCAA276013A20085D4D6 /* Main.storyboard in Resources */ = {isa = PBXBuildFile; fileRef = EE69CCA8276013A20085D4D6 /* Main.storyboard */; };
		EE69CCAD276013A20085D4D6 /* CoreData2.xcdatamodeld in Sources */ = {isa = PBXBuildFile; fileRef = EE69CCAB276013A20085D4D6 /* CoreData2.xcdatamodeld */; };
		EE69CCAF276013A40085D4D6 /* Assets.xcassets in Resources */ = {isa = PBXBuildFile; fileRef = EE69CCAE276013A40085D4D6 /* Assets.xcassets */; };
		EE69CCB2276013A40085D4D6 /* LaunchScreen.storyboard in Resources */ = {isa = PBXBuildFile; fileRef = EE69CCB0276013A40085D4D6 /* LaunchScreen.storyboard */; };
		EE69CCBF276018840085D4D6 /* Employee+CoreDataClass.swift in Sources */ = {isa = PBXBuildFile; fileRef = EE69CCBD276018840085D4D6 /* Employee+CoreDataClass.swift */; };
		EE69CCC0276018840085D4D6 /* Employee+CoreDataProperties.swift in Sources */ = {isa = PBXBuildFile; fileRef = EE69CCBE276018840085D4D6 /* Employee+CoreDataProperties.swift */; };
		EE69CCC327601E160085D4D6 /* Dogs+CoreDataClass.swift in Sources */ = {isa = PBXBuildFile; fileRef = EE69CCC127601E160085D4D6 /* Dogs+CoreDataClass.swift */; };
		EE69CCC427601E160085D4D6 /* Dogs+CoreDataProperties.swift in Sources */ = {isa = PBXBuildFile; fileRef = EE69CCC227601E160085D4D6 /* Dogs+CoreDataProperties.swift */; };
/* End PBXBuildFile section */

/* Begin PBXFileReference section */
		EE69CC9F276013A20085D4D6 /* CoreData2.app */ = {isa = PBXFileReference; explicitFileType = wrapper.application; includeInIndex = 0; path = CoreData2.app; sourceTree = BUILT_PRODUCTS_DIR; };
		EE69CCA2276013A20085D4D6 /* AppDelegate.swift */ = {isa = PBXFileReference; lastKnownFileType = sourcecode.swift; path = AppDelegate.swift; sourceTree = "<group>"; };
		EE69CCA4276013A20085D4D6 /* SceneDelegate.swift */ = {isa = PBXFileReference; lastKnownFileType = sourcecode.swift; path = SceneDelegate.swift; sourceTree = "<group>"; };
		EE69CCA6276013A20085D4D6 /* ViewController.swift */ = {isa = PBXFileReference; lastKnownFileType = sourcecode.swift; path = ViewController.swift; sourceTree = "<group>"; };
		EE69CCA9276013A20085D4D6 /* Base */ = {isa = PBXFileReference; lastKnownFileType = file.storyboard; name = Base; path = Base.lproj/Main.storyboard; sourceTree = "<group>"; };
		EE69CCAC276013A20085D4D6 /* CoreData2.xcdatamodel */ = {isa = PBXFileReference; lastKnownFileType = wrapper.xcdatamodel; path = CoreData2.xcdatamodel; sourceTree = "<group>"; };
		EE69CCAE276013A40085D4D6 /* Assets.xcassets */ = {isa = PBXFileReference; lastKnownFileType = folder.assetcatalog; path = Assets.xcassets; sourceTree = "<group>"; };
		EE69CCB1276013A40085D4D6 /* Base */ = {isa = PBXFileReference; lastKnownFileType = file.storyboard; name = Base; path = Base.lproj/LaunchScreen.storyboard; sourceTree = "<group>"; };
		EE69CCB3276013A40085D4D6 /* Info.plist */ = {isa = PBXFileReference; lastKnownFileType = text.plist.xml; path = Info.plist; sourceTree = "<group>"; };
		EE69CCBD276018840085D4D6 /* Employee+CoreDataClass.swift */ = {isa = PBXFileReference; lastKnownFileType = sourcecode.swift; path = "Employee+CoreDataClass.swift"; sourceTree = "<group>"; };
		EE69CCBE276018840085D4D6 /* Employee+CoreDataProperties.swift */ = {isa = PBXFileReference; lastKnownFileType = sourcecode.swift; path = "Employee+CoreDataProperties.swift"; sourceTree = "<group>"; };
		EE69CCC127601E160085D4D6 /* Dogs+CoreDataClass.swift */ = {isa = PBXFileReference; lastKnownFileType = sourcecode.swift; path = "Dogs+CoreDataClass.swift"; sourceTree = "<group>"; };
		EE69CCC227601E160085D4D6 /* Dogs+CoreDataProperties.swift */ = {isa = PBXFileReference; lastKnownFileType = sourcecode.swift; path = "Dogs+CoreDataProperties.swift"; sourceTree = "<group>"; };
/* End PBXFileReference section */

/* Begin PBXFrameworksBuildPhase section */
		EE69CC9C276013A20085D4D6 /* Frameworks */ = {
			isa = PBXFrameworksBuildPhase;
			buildActionMask = 2147483647;
			files = (
			);
			runOnlyForDeploymentPostprocessing = 0;
		};
/* End PBXFrameworksBuildPhase section */

/* Begin PBXGroup section */
		EE69CC96276013A10085D4D6 = {
			isa = PBXGroup;
			children = (
				EE69CCC127601E160085D4D6 /* Dogs+CoreDataClass.swift */,
				EE69CCC227601E160085D4D6 /* Dogs+CoreDataProperties.swift */,
				EE69CCBD276018840085D4D6 /* Employee+CoreDataClass.swift */,
				EE69CCBE276018840085D4D6 /* Employee+CoreDataProperties.swift */,
				EE69CCA1276013A20085D4D6 /* CoreData2 */,
				EE69CCA0276013A20085D4D6 /* Products */,
			);
			sourceTree = "<group>";
		};
		EE69CCA0276013A20085D4D6 /* Products */ = {
			isa = PBXGroup;
			children = (
				EE69CC9F276013A20085D4D6 /* CoreData2.app */,
			);
			name = Products;
			sourceTree = "<group>";
		};
		EE69CCA1276013A20085D4D6 /* CoreData2 */ = {
			isa = PBXGroup;
			children = (
				EE69CCA2276013A20085D4D6 /* AppDelegate.swift */,
				EE69CCA4276013A20085D4D6 /* SceneDelegate.swift */,
				EE69CCA6276013A20085D4D6 /* ViewController.swift */,
				EE69CCA8276013A20085D4D6 /* Main.storyboard */,
				EE69CCAE276013A40085D4D6 /* Assets.xcassets */,
				EE69CCB0276013A40085D4D6 /* LaunchScreen.storyboard */,
				EE69CCB3276013A40085D4D6 /* Info.plist */,
				EE69CCAB276013A20085D4D6 /* CoreData2.xcdatamodeld */,
			);
			path = CoreData2;
			sourceTree = "<group>";
		};
/* End PBXGroup section */

/* Begin PBXNativeTarget section */
		EE69CC9E276013A20085D4D6 /* CoreData2 */ = {
			isa = PBXNativeTarget;
			buildConfigurationList = EE69CCB6276013A40085D4D6 /* Build configuration list for PBXNativeTarget "CoreData2" */;
			buildPhases = (
				EE69CC9B276013A20085D4D6 /* Sources */,
				EE69CC9C276013A20085D4D6 /* Frameworks */,
				EE69CC9D276013A20085D4D6 /* Resources */,
			);
			buildRules = (
			);
			dependencies = (
			);
			name = CoreData2;
			productName = CoreData2;
			productReference = EE69CC9F276013A20085D4D6 /* CoreData2.app */;
			productType = "com.apple.product-type.application";
		};
/* End PBXNativeTarget section */

/* Begin PBXProject section */
		EE69CC97276013A10085D4D6 /* Project object */ = {
			isa = PBXProject;
			attributes = {
				BuildIndependentTargetsInParallel = 1;
				LastSwiftUpdateCheck = 1310;
				LastUpgradeCheck = 1310;
				TargetAttributes = {
					EE69CC9E276013A20085D4D6 = {
						CreatedOnToolsVersion = 13.1;
					};
				};
			};
			buildConfigurationList = EE69CC9A276013A10085D4D6 /* Build configuration list for PBXProject "CoreData2" */;
			compatibilityVersion = "Xcode 13.0";
			developmentRegion = en;
			hasScannedForEncodings = 0;
			knownRegions = (
				en,
				Base,
			);
			mainGroup = EE69CC96276013A10085D4D6;
			productRefGroup = EE69CCA0276013A20085D4D6 /* Products */;
			projectDirPath = "";
			projectRoot = "";
			targets = (
				EE69CC9E276013A20085D4D6 /* CoreData2 */,
			);
		};
/* End PBXProject section */

/* Begin PBXResourcesBuildPhase section */
		EE69CC9D276013A20085D4D6 /* Resources */ = {
			isa = PBXResourcesBuildPhase;
			buildActionMask = 2147483647;
			files = (
				EE69CCB2276013A40085D4D6 /* LaunchScreen.storyboard in Resources */,
				EE69CCAF276013A40085D4D6 /* Assets.xcassets in Resources */,
				EE69CCAA276013A20085D4D6 /* Main.storyboard in Resources */,
			);
			runOnlyForDeploymentPostprocessing = 0;
		};
/* End PBXResourcesBuildPhase section */

/* Begin PBXSourcesBuildPhase section */
		EE69CC9B276013A20085D4D6 /* Sources */ = {
			isa = PBXSourcesBuildPhase;
			buildActionMask = 2147483647;
			files = (
				EE69CCC427601E160085D4D6 /* Dogs+CoreDataProperties.swift in Sources */,
				EE69CCA7276013A20085D4D6 /* ViewController.swift in Sources */,
				EE69CCC0276018840085D4D6 /* Employee+CoreDataProperties.swift in Sources */,
				EE69CCA3276013A20085D4D6 /* AppDelegate.swift in Sources */,
				EE69CCA5276013A20085D4D6 /* SceneDelegate.swift in Sources */,
				EE69CCBF276018840085D4D6 /* Employee+CoreDataClass.swift in Sources */,
				EE69CCC327601E160085D4D6 /* Dogs+CoreDataClass.swift in Sources */,
				EE69CCAD276013A20085D4D6 /* CoreData2.xcdatamodeld in Sources */,
			);
			runOnlyForDeploymentPostprocessing = 0;
		};
/* End PBXSourcesBuildPhase section */

/* Begin PBXVariantGroup section */
		EE69CCA8276013A20085D4D6 /* Main.storyboard */ = {
			isa = PBXVariantGroup;
			children = (
				EE69CCA9276013A20085D4D6 /* Base */,
			);
			name = Main.storyboard;
			sourceTree = "<group>";
		};
		EE69CCB0276013A40085D4D6 /* LaunchScreen.storyboard */ = {
			isa = PBXVariantGroup;
			children = (
				EE69CCB1276013A40085D4D6 /* Base */,
			);
			name = LaunchScreen.storyboard;
			sourceTree = "<group>";
		};
/* End PBXVariantGroup section */

/* Begin XCBuildConfiguration section */
		EE69CCB4276013A40085D4D6 /* Debug */ = {
			isa = XCBuildConfiguration;
			buildSettings = {
				ALWAYS_SEARCH_USER_PATHS = NO;
				CLANG_ANALYZER_NONNULL = YES;
				CLANG_ANALYZER_NUMBER_OBJECT_CONVERSION = YES_AGGRESSIVE;
				CLANG_CXX_LANGUAGE_STANDARD = "gnu++17";
				CLANG_CXX_LIBRARY = "libc++";
				CLANG_ENABLE_MODULES = YES;
				CLANG_ENABLE_OBJC_ARC = YES;
				CLANG_ENABLE_OBJC_WEAK = YES;
				CLANG_WARN_BLOCK_CAPTURE_AUTORELEASING = YES;
				CLANG_WARN_BOOL_CONVERSION = YES;
				CLANG_WARN_COMMA = YES;
				CLANG_WARN_CONSTANT_CONVERSION = YES;
				CLANG_WARN_DEPRECATED_OBJC_IMPLEMENTATIONS = YES;
				CLANG_WARN_DIRECT_OBJC_ISA_USAGE = YES_ERROR;
				CLANG_WARN_DOCUMENTATION_COMMENTS = YES;
				CLANG_WARN_EMPTY_BODY = YES;
				CLANG_WARN_ENUM_CONVERSION = YES;
				CLANG_WARN_INFINITE_RECURSION = YES;
				CLANG_WARN_INT_CONVERSION = YES;
				CLANG_WARN_NON_LITERAL_NULL_CONVERSION = YES;
				CLANG_WARN_OBJC_IMPLICIT_RETAIN_SELF = YES;
				CLANG_WARN_OBJC_LITERAL_CONVERSION = YES;
				CLANG_WARN_OBJC_ROOT_CLASS = YES_ERROR;
				CLANG_WARN_QUOTED_INCLUDE_IN_FRAMEWORK_HEADER = YES;
				CLANG_WARN_RANGE_LOOP_ANALYSIS = YES;
				CLANG_WARN_STRICT_PROTOTYPES = YES;
				CLANG_WARN_SUSPICIOUS_MOVE = YES;
				CLANG_WARN_UNGUARDED_AVAILABILITY = YES_AGGRESSIVE;
				CLANG_WARN_UNREACHABLE_CODE = YES;
				CLANG_WARN__DUPLICATE_METHOD_MATCH = YES;
				COPY_PHASE_STRIP = NO;
				DEBUG_INFORMATION_FORMAT = dwarf;
				ENABLE_STRICT_OBJC_MSGSEND = YES;
				ENABLE_TESTABILITY = YES;
				GCC_C_LANGUAGE_STANDARD = gnu11;
				GCC_DYNAMIC_NO_PIC = NO;
				GCC_NO_COMMON_BLOCKS = YES;
				GCC_OPTIMIZATION_LEVEL = 0;
				GCC_PREPROCESSOR_DEFINITIONS = (
					"DEBUG=1",
					"$(inherited)",
				);
				GCC_WARN_64_TO_32_BIT_CONVERSION = YES;
				GCC_WARN_ABOUT_RETURN_TYPE = YES_ERROR;
				GCC_WARN_UNDECLARED_SELECTOR = YES;
				GCC_WARN_UNINITIALIZED_AUTOS = YES_AGGRESSIVE;
				GCC_WARN_UNUSED_FUNCTION = YES;
				GCC_WARN_UNUSED_VARIABLE = YES;
				IPHONEOS_DEPLOYMENT_TARGET = 15.0;
				MTL_ENABLE_DEBUG_INFO = INCLUDE_SOURCE;
				MTL_FAST_MATH = YES;
				ONLY_ACTIVE_ARCH = YES;
				SDKROOT = iphoneos;
				SWIFT_ACTIVE_COMPILATION_CONDITIONS = DEBUG;
				SWIFT_OPTIMIZATION_LEVEL = "-Onone";
			};
			name = Debug;
		};
		EE69CCB5276013A40085D4D6 /* Release */ = {
			isa = XCBuildConfiguration;
			buildSettings = {
				ALWAYS_SEARCH_USER_PATHS = NO;
				CLANG_ANALYZER_NONNULL = YES;
				CLANG_ANALYZER_NUMBER_OBJECT_CONVERSION = YES_AGGRESSIVE;
				CLANG_CXX_LANGUAGE_STANDARD = "gnu++17";
				CLANG_CXX_LIBRARY = "libc++";
				CLANG_ENABLE_MODULES = YES;
				CLANG_ENABLE_OBJC_ARC = YES;
				CLANG_ENABLE_OBJC_WEAK = YES;
				CLANG_WARN_BLOCK_CAPTURE_AUTORELEASING = YES;
				CLANG_WARN_BOOL_CONVERSION = YES;
				CLANG_WARN_COMMA = YES;
				CLANG_WARN_CONSTANT_CONVERSION = YES;
				CLANG_WARN_DEPRECATED_OBJC_IMPLEMENTATIONS = YES;
				CLANG_WARN_DIRECT_OBJC_ISA_USAGE = YES_ERROR;
				CLANG_WARN_DOCUMENTATION_COMMENTS = YES;
				CLANG_WARN_EMPTY_BODY = YES;
				CLANG_WARN_ENUM_CONVERSION = YES;
				CLANG_WARN_INFINITE_RECURSION = YES;
				CLANG_WARN_INT_CONVERSION = YES;
				CLANG_WARN_NON_LITERAL_NULL_CONVERSION = YES;
				CLANG_WARN_OBJC_IMPLICIT_RETAIN_SELF = YES;
				CLANG_WARN_OBJC_LITERAL_CONVERSION = YES;
				CLANG_WARN_OBJC_ROOT_CLASS = YES_ERROR;
				CLANG_WARN_QUOTED_INCLUDE_IN_FRAMEWORK_HEADER = YES;
				CLANG_WARN_RANGE_LOOP_ANALYSIS = YES;
				CLANG_WARN_STRICT_PROTOTYPES = YES;
				CLANG_WARN_SUSPICIOUS_MOVE = YES;
				CLANG_WARN_UNGUARDED_AVAILABILITY = YES_AGGRESSIVE;
				CLANG_WARN_UNREACHABLE_CODE = YES;
				CLANG_WARN__DUPLICATE_METHOD_MATCH = YES;
				COPY_PHASE_STRIP = NO;
				DEBUG_INFORMATION_FORMAT = "dwarf-with-dsym";
				ENABLE_NS_ASSERTIONS = NO;
				ENABLE_STRICT_OBJC_MSGSEND = YES;
				GCC_C_LANGUAGE_STANDARD = gnu11;
				GCC_NO_COMMON_BLOCKS = YES;
				GCC_WARN_64_TO_32_BIT_CONVERSION = YES;
				GCC_WARN_ABOUT_RETURN_TYPE = YES_ERROR;
				GCC_WARN_UNDECLARED_SELECTOR = YES;
				GCC_WARN_UNINITIALIZED_AUTOS = YES_AGGRESSIVE;
				GCC_WARN_UNUSED_FUNCTION = YES;
				GCC_WARN_UNUSED_VARIABLE = YES;
				IPHONEOS_DEPLOYMENT_TARGET = 15.0;
				MTL_ENABLE_DEBUG_INFO = NO;
				MTL_FAST_MATH = YES;
				SDKROOT = iphoneos;
				SWIFT_COMPILATION_MODE = wholemodule;
				SWIFT_OPTIMIZATION_LEVEL = "-O";
				VALIDATE_PRODUCT = YES;
			};
			name = Release;
		};
		EE69CCB7276013A40085D4D6 /* Debug */ = {
			isa = XCBuildConfiguration;
			buildSettings = {
				ASSETCATALOG_COMPILER_APPICON_NAME = AppIcon;
				ASSETCATALOG_COMPILER_GLOBAL_ACCENT_COLOR_NAME = AccentColor;
				CODE_SIGN_STYLE = Automatic;
				CURRENT_PROJECT_VERSION = 1;
				DEVELOPMENT_TEAM = A85V95FX2T;
				GENERATE_INFOPLIST_FILE = YES;
				INFOPLIST_FILE = CoreData2/Info.plist;
				INFOPLIST_KEY_UIApplicationSupportsIndirectInputEvents = YES;
				INFOPLIST_KEY_UILaunchStoryboardName = LaunchScreen;
				INFOPLIST_KEY_UIMainStoryboardFile = Main;
				INFOPLIST_KEY_UISupportedInterfaceOrientations_iPad = "UIInterfaceOrientationPortrait UIInterfaceOrientationPortraitUpsideDown UIInterfaceOrientationLandscapeLeft UIInterfaceOrientationLandscapeRight";
				INFOPLIST_KEY_UISupportedInterfaceOrientations_iPhone = "UIInterfaceOrientationPortrait UIInterfaceOrientationLandscapeLeft UIInterfaceOrientationLandscapeRight";
				LD_RUNPATH_SEARCH_PATHS = (
					"$(inherited)",
					"@executable_path/Frameworks",
				);
				MARKETING_VERSION = 1.0;
				PRODUCT_BUNDLE_IDENTIFIER = com.example.CoreData2;
				PRODUCT_NAME = "$(TARGET_NAME)";
				SWIFT_EMIT_LOC_STRINGS = YES;
				SWIFT_VERSION = 5.0;
				TARGETED_DEVICE_FAMILY = "1,2";
			};
			name = Debug;
		};
		EE69CCB8276013A40085D4D6 /* Release */ = {
			isa = XCBuildConfiguration;
			buildSettings = {
				ASSETCATALOG_COMPILER_APPICON_NAME = AppIcon;
				ASSETCATALOG_COMPILER_GLOBAL_ACCENT_COLOR_NAME = AccentColor;
				CODE_SIGN_STYLE = Automatic;
				CURRENT_PROJECT_VERSION = 1;
				DEVELOPMENT_TEAM = A85V95FX2T;
				GENERATE_INFOPLIST_FILE = YES;
				INFOPLIST_FILE = CoreData2/Info.plist;
				INFOPLIST_KEY_UIApplicationSupportsIndirectInputEvents = YES;
				INFOPLIST_KEY_UILaunchStoryboardName = LaunchScreen;
				INFOPLIST_KEY_UIMainStoryboardFile = Main;
				INFOPLIST_KEY_UISupportedInterfaceOrientations_iPad = "UIInterfaceOrientationPortrait UIInterfaceOrientationPortraitUpsideDown UIInterfaceOrientationLandscapeLeft UIInterfaceOrientationLandscapeRight";
				INFOPLIST_KEY_UISupportedInterfaceOrientations_iPhone = "UIInterfaceOrientationPortrait UIInterfaceOrientationLandscapeLeft UIInterfaceOrientationLandscapeRight";
				LD_RUNPATH_SEARCH_PATHS = (
					"$(inherited)",
					"@executable_path/Frameworks",
				);
				MARKETING_VERSION = 1.0;
				PRODUCT_BUNDLE_IDENTIFIER = com.example.CoreData2;
				PRODUCT_NAME = "$(TARGET_NAME)";
				SWIFT_EMIT_LOC_STRINGS = YES;
				SWIFT_VERSION = 5.0;
				TARGETED_DEVICE_FAMILY = "1,2";
			};
			name = Release;
		};
/* End XCBuildConfiguration section */

/* Begin XCConfigurationList section */
		EE69CC9A276013A10085D4D6 /* Build configuration list for PBXProject "CoreData2" */ = {
			isa = XCConfigurationList;
			buildConfigurations = (
				EE69CCB4276013A40085D4D6 /* Debug */,
				EE69CCB5276013A40085D4D6 /* Release */,
			);
			defaultConfigurationIsVisible = 0;
			defaultConfigurationName = Release;
		};
		EE69CCB6276013A40085D4D6 /* Build configuration list for PBXNativeTarget "CoreData2" */ = {
			isa = XCConfigurationList;
			buildConfigurations = (
				EE69CCB7276013A40085D4D6 /* Debug */,
				EE69CCB8276013A40085D4D6 /* Release */,
			);
			defaultConfigurationIsVisible = 0;
			defaultConfigurationName = Release;
		};
/* End XCConfigurationList section */

/* Begin XCVersionGroup section */
		EE69CCAB276013A20085D4D6 /* CoreData2.xcdatamodeld */ = {
			isa = XCVersionGroup;
			children = (
				EE69CCAC276013A20085D4D6 /* CoreData2.xcdatamodel */,
			);
			currentVersion = EE69CCAC276013A20085D4D6 /* CoreData2.xcdatamodel */;
			path = CoreData2.xcdatamodeld;
			sourceTree = "<group>";
			versionGroupType = wrapper.xcdatamodel;
		};
/* End XCVersionGroup section */
	};
	rootObject = EE69CC97276013A10085D4D6 /* Project object */;
}
