// !$*UTF8*$!
{
	archiveVersion = 1;
	classes = {
	};
	objectVersion = 50;
	objects = {

/* Begin PBXBuildFile section */
		EE9F18D52713A5B3005A5BF3 /* AppDelegate.swift in Sources */ = {isa = PBXBuildFile; fileRef = EE9F18D42713A5B3005A5BF3 /* AppDelegate.swift */; };
		EE9F18D72713A5B3005A5BF3 /* SceneDelegate.swift in Sources */ = {isa = PBXBuildFile; fileRef = EE9F18D62713A5B3005A5BF3 /* SceneDelegate.swift */; };
		EE9F18D92713A5B3005A5BF3 /* ViewController.swift in Sources */ = {isa = PBXBuildFile; fileRef = EE9F18D82713A5B3005A5BF3 /* ViewController.swift */; };
		EE9F18DC2713A5B3005A5BF3 /* Main.storyboard in Resources */ = {isa = PBXBuildFile; fileRef = EE9F18DA2713A5B3005A5BF3 /* Main.storyboard */; };
		EE9F18DE2713A5B4005A5BF3 /* Assets.xcassets in Resources */ = {isa = PBXBuildFile; fileRef = EE9F18DD2713A5B4005A5BF3 /* Assets.xcassets */; };
		EE9F18E12713A5B4005A5BF3 /* LaunchScreen.storyboard in Resources */ = {isa = PBXBuildFile; fileRef = EE9F18DF2713A5B4005A5BF3 /* LaunchScreen.storyboard */; };
		EE9F18EC2713A5B4005A5BF3 /* CounterAppTests.swift in Sources */ = {isa = PBXBuildFile; fileRef = EE9F18EB2713A5B4005A5BF3 /* CounterAppTests.swift */; };
		EE9F18F72713A5B4005A5BF3 /* CounterAppUITests.swift in Sources */ = {isa = PBXBuildFile; fileRef = EE9F18F62713A5B4005A5BF3 /* CounterAppUITests.swift */; };
/* End PBXBuildFile section */

/* Begin PBXContainerItemProxy section */
		EE9F18E82713A5B4005A5BF3 /* PBXContainerItemProxy */ = {
			isa = PBXContainerItemProxy;
			containerPortal = EE9F18C92713A5B3005A5BF3 /* Project object */;
			proxyType = 1;
			remoteGlobalIDString = EE9F18D02713A5B3005A5BF3;
			remoteInfo = CounterApp;
		};
		EE9F18F32713A5B4005A5BF3 /* PBXContainerItemProxy */ = {
			isa = PBXContainerItemProxy;
			containerPortal = EE9F18C92713A5B3005A5BF3 /* Project object */;
			proxyType = 1;
			remoteGlobalIDString = EE9F18D02713A5B3005A5BF3;
			remoteInfo = CounterApp;
		};
/* End PBXContainerItemProxy section */

/* Begin PBXFileReference section */
		EE9F18D12713A5B3005A5BF3 /* CounterApp.app */ = {isa = PBXFileReference; explicitFileType = wrapper.application; includeInIndex = 0; path = CounterApp.app; sourceTree = BUILT_PRODUCTS_DIR; };
		EE9F18D42713A5B3005A5BF3 /* AppDelegate.swift */ = {isa = PBXFileReference; lastKnownFileType = sourcecode.swift; path = AppDelegate.swift; sourceTree = "<group>"; };
		EE9F18D62713A5B3005A5BF3 /* SceneDelegate.swift */ = {isa = PBXFileReference; lastKnownFileType = sourcecode.swift; path = SceneDelegate.swift; sourceTree = "<group>"; };
		EE9F18D82713A5B3005A5BF3 /* ViewController.swift */ = {isa = PBXFileReference; lastKnownFileType = sourcecode.swift; path = ViewController.swift; sourceTree = "<group>"; };
		EE9F18DB2713A5B3005A5BF3 /* Base */ = {isa = PBXFileReference; lastKnownFileType = file.storyboard; name = Base; path = Base.lproj/Main.storyboard; sourceTree = "<group>"; };
		EE9F18DD2713A5B4005A5BF3 /* Assets.xcassets */ = {isa = PBXFileReference; lastKnownFileType = folder.assetcatalog; path = Assets.xcassets; sourceTree = "<group>"; };
		EE9F18E02713A5B4005A5BF3 /* Base */ = {isa = PBXFileReference; lastKnownFileType = file.storyboard; name = Base; path = Base.lproj/LaunchScreen.storyboard; sourceTree = "<group>"; };
		EE9F18E22713A5B4005A5BF3 /* Info.plist */ = {isa = PBXFileReference; lastKnownFileType = text.plist.xml; path = Info.plist; sourceTree = "<group>"; };
		EE9F18E72713A5B4005A5BF3 /* CounterAppTests.xctest */ = {isa = PBXFileReference; explicitFileType = wrapper.cfbundle; includeInIndex = 0; path = CounterAppTests.xctest; sourceTree = BUILT_PRODUCTS_DIR; };
		EE9F18EB2713A5B4005A5BF3 /* CounterAppTests.swift */ = {isa = PBXFileReference; lastKnownFileType = sourcecode.swift; path = CounterAppTests.swift; sourceTree = "<group>"; };
		EE9F18ED2713A5B4005A5BF3 /* Info.plist */ = {isa = PBXFileReference; lastKnownFileType = text.plist.xml; path = Info.plist; sourceTree = "<group>"; };
		EE9F18F22713A5B4005A5BF3 /* CounterAppUITests.xctest */ = {isa = PBXFileReference; explicitFileType = wrapper.cfbundle; includeInIndex = 0; path = CounterAppUITests.xctest; sourceTree = BUILT_PRODUCTS_DIR; };
		EE9F18F62713A5B4005A5BF3 /* CounterAppUITests.swift */ = {isa = PBXFileReference; lastKnownFileType = sourcecode.swift; path = CounterAppUITests.swift; sourceTree = "<group>"; };
		EE9F18F82713A5B4005A5BF3 /* Info.plist */ = {isa = PBXFileReference; lastKnownFileType = text.plist.xml; path = Info.plist; sourceTree = "<group>"; };
/* End PBXFileReference section */

/* Begin PBXFrameworksBuildPhase section */
		EE9F18CE2713A5B3005A5BF3 /* Frameworks */ = {
			isa = PBXFrameworksBuildPhase;
			buildActionMask = 2147483647;
			files = (
			);
			runOnlyForDeploymentPostprocessing = 0;
		};
		EE9F18E42713A5B4005A5BF3 /* Frameworks */ = {
			isa = PBXFrameworksBuildPhase;
			buildActionMask = 2147483647;
			files = (
			);
			runOnlyForDeploymentPostprocessing = 0;
		};
		EE9F18EF2713A5B4005A5BF3 /* Frameworks */ = {
			isa = PBXFrameworksBuildPhase;
			buildActionMask = 2147483647;
			files = (
			);
			runOnlyForDeploymentPostprocessing = 0;
		};
/* End PBXFrameworksBuildPhase section */

/* Begin PBXGroup section */
		EE9F18C82713A5B3005A5BF3 = {
			isa = PBXGroup;
			children = (
				EE9F18D32713A5B3005A5BF3 /* CounterApp */,
				EE9F18EA2713A5B4005A5BF3 /* CounterAppTests */,
				EE9F18F52713A5B4005A5BF3 /* CounterAppUITests */,
				EE9F18D22713A5B3005A5BF3 /* Products */,
			);
			sourceTree = "<group>";
		};
		EE9F18D22713A5B3005A5BF3 /* Products */ = {
			isa = PBXGroup;
			children = (
				EE9F18D12713A5B3005A5BF3 /* CounterApp.app */,
				EE9F18E72713A5B4005A5BF3 /* CounterAppTests.xctest */,
				EE9F18F22713A5B4005A5BF3 /* CounterAppUITests.xctest */,
			);
			name = Products;
			sourceTree = "<group>";
		};
		EE9F18D32713A5B3005A5BF3 /* CounterApp */ = {
			isa = PBXGroup;
			children = (
				EE9F18D42713A5B3005A5BF3 /* AppDelegate.swift */,
				EE9F18D62713A5B3005A5BF3 /* SceneDelegate.swift */,
				EE9F18D82713A5B3005A5BF3 /* ViewController.swift */,
				EE9F18DA2713A5B3005A5BF3 /* Main.storyboard */,
				EE9F18DD2713A5B4005A5BF3 /* Assets.xcassets */,
				EE9F18DF2713A5B4005A5BF3 /* LaunchScreen.storyboard */,
				EE9F18E22713A5B4005A5BF3 /* Info.plist */,
			);
			path = CounterApp;
			sourceTree = "<group>";
		};
		EE9F18EA2713A5B4005A5BF3 /* CounterAppTests */ = {
			isa = PBXGroup;
			children = (
				EE9F18EB2713A5B4005A5BF3 /* CounterAppTests.swift */,
				EE9F18ED2713A5B4005A5BF3 /* Info.plist */,
			);
			path = CounterAppTests;
			sourceTree = "<group>";
		};
		EE9F18F52713A5B4005A5BF3 /* CounterAppUITests */ = {
			isa = PBXGroup;
			children = (
				EE9F18F62713A5B4005A5BF3 /* CounterAppUITests.swift */,
				EE9F18F82713A5B4005A5BF3 /* Info.plist */,
			);
			path = CounterAppUITests;
			sourceTree = "<group>";
		};
/* End PBXGroup section */

/* Begin PBXNativeTarget section */
		EE9F18D02713A5B3005A5BF3 /* CounterApp */ = {
			isa = PBXNativeTarget;
			buildConfigurationList = EE9F18FB2713A5B4005A5BF3 /* Build configuration list for PBXNativeTarget "CounterApp" */;
			buildPhases = (
				EE9F18CD2713A5B3005A5BF3 /* Sources */,
				EE9F18CE2713A5B3005A5BF3 /* Frameworks */,
				EE9F18CF2713A5B3005A5BF3 /* Resources */,
			);
			buildRules = (
			);
			dependencies = (
			);
			name = CounterApp;
			productName = CounterApp;
			productReference = EE9F18D12713A5B3005A5BF3 /* CounterApp.app */;
			productType = "com.apple.product-type.application";
		};
		EE9F18E62713A5B4005A5BF3 /* CounterAppTests */ = {
			isa = PBXNativeTarget;
			buildConfigurationList = EE9F18FE2713A5B4005A5BF3 /* Build configuration list for PBXNativeTarget "CounterAppTests" */;
			buildPhases = (
				EE9F18E32713A5B4005A5BF3 /* Sources */,
				EE9F18E42713A5B4005A5BF3 /* Frameworks */,
				EE9F18E52713A5B4005A5BF3 /* Resources */,
			);
			buildRules = (
			);
			dependencies = (
				EE9F18E92713A5B4005A5BF3 /* PBXTargetDependency */,
			);
			name = CounterAppTests;
			productName = CounterAppTests;
			productReference = EE9F18E72713A5B4005A5BF3 /* CounterAppTests.xctest */;
			productType = "com.apple.product-type.bundle.unit-test";
		};
		EE9F18F12713A5B4005A5BF3 /* CounterAppUITests */ = {
			isa = PBXNativeTarget;
			buildConfigurationList = EE9F19012713A5B4005A5BF3 /* Build configuration list for PBXNativeTarget "CounterAppUITests" */;
			buildPhases = (
				EE9F18EE2713A5B4005A5BF3 /* Sources */,
				EE9F18EF2713A5B4005A5BF3 /* Frameworks */,
				EE9F18F02713A5B4005A5BF3 /* Resources */,
			);
			buildRules = (
			);
			dependencies = (
				EE9F18F42713A5B4005A5BF3 /* PBXTargetDependency */,
			);
			name = CounterAppUITests;
			productName = CounterAppUITests;
			productReference = EE9F18F22713A5B4005A5BF3 /* CounterAppUITests.xctest */;
			productType = "com.apple.product-type.bundle.ui-testing";
		};
/* End PBXNativeTarget section */

/* Begin PBXProject section */
		EE9F18C92713A5B3005A5BF3 /* Project object */ = {
			isa = PBXProject;
			attributes = {
				LastSwiftUpdateCheck = 1250;
				LastUpgradeCheck = 1250;
				TargetAttributes = {
					EE9F18D02713A5B3005A5BF3 = {
						CreatedOnToolsVersion = 12.5.1;
					};
					EE9F18E62713A5B4005A5BF3 = {
						CreatedOnToolsVersion = 12.5.1;
						TestTargetID = EE9F18D02713A5B3005A5BF3;
					};
					EE9F18F12713A5B4005A5BF3 = {
						CreatedOnToolsVersion = 12.5.1;
						TestTargetID = EE9F18D02713A5B3005A5BF3;
					};
				};
			};
			buildConfigurationList = EE9F18CC2713A5B3005A5BF3 /* Build configuration list for PBXProject "CounterApp" */;
			compatibilityVersion = "Xcode 9.3";
			developmentRegion = en;
			hasScannedForEncodings = 0;
			knownRegions = (
				en,
				Base,
			);
			mainGroup = EE9F18C82713A5B3005A5BF3;
			productRefGroup = EE9F18D22713A5B3005A5BF3 /* Products */;
			projectDirPath = "";
			projectRoot = "";
			targets = (
				EE9F18D02713A5B3005A5BF3 /* CounterApp */,
				EE9F18E62713A5B4005A5BF3 /* CounterAppTests */,
				EE9F18F12713A5B4005A5BF3 /* CounterAppUITests */,
			);
		};
/* End PBXProject section */

/* Begin PBXResourcesBuildPhase section */
		EE9F18CF2713A5B3005A5BF3 /* Resources */ = {
			isa = PBXResourcesBuildPhase;
			buildActionMask = 2147483647;
			files = (
				EE9F18E12713A5B4005A5BF3 /* LaunchScreen.storyboard in Resources */,
				EE9F18DE2713A5B4005A5BF3 /* Assets.xcassets in Resources */,
				EE9F18DC2713A5B3005A5BF3 /* Main.storyboard in Resources */,
			);
			runOnlyForDeploymentPostprocessing = 0;
		};
		EE9F18E52713A5B4005A5BF3 /* Resources */ = {
			isa = PBXResourcesBuildPhase;
			buildActionMask = 2147483647;
			files = (
			);
			runOnlyForDeploymentPostprocessing = 0;
		};
		EE9F18F02713A5B4005A5BF3 /* Resources */ = {
			isa = PBXResourcesBuildPhase;
			buildActionMask = 2147483647;
			files = (
			);
			runOnlyForDeploymentPostprocessing = 0;
		};
/* End PBXResourcesBuildPhase section */

/* Begin PBXSourcesBuildPhase section */
		EE9F18CD2713A5B3005A5BF3 /* Sources */ = {
			isa = PBXSourcesBuildPhase;
			buildActionMask = 2147483647;
			files = (
				EE9F18D92713A5B3005A5BF3 /* ViewController.swift in Sources */,
				EE9F18D52713A5B3005A5BF3 /* AppDelegate.swift in Sources */,
				EE9F18D72713A5B3005A5BF3 /* SceneDelegate.swift in Sources */,
			);
			runOnlyForDeploymentPostprocessing = 0;
		};
		EE9F18E32713A5B4005A5BF3 /* Sources */ = {
			isa = PBXSourcesBuildPhase;
			buildActionMask = 2147483647;
			files = (
				EE9F18EC2713A5B4005A5BF3 /* CounterAppTests.swift in Sources */,
			);
			runOnlyForDeploymentPostprocessing = 0;
		};
		EE9F18EE2713A5B4005A5BF3 /* Sources */ = {
			isa = PBXSourcesBuildPhase;
			buildActionMask = 2147483647;
			files = (
				EE9F18F72713A5B4005A5BF3 /* CounterAppUITests.swift in Sources */,
			);
			runOnlyForDeploymentPostprocessing = 0;
		};
/* End PBXSourcesBuildPhase section */

/* Begin PBXTargetDependency section */
		EE9F18E92713A5B4005A5BF3 /* PBXTargetDependency */ = {
			isa = PBXTargetDependency;
			target = EE9F18D02713A5B3005A5BF3 /* CounterApp */;
			targetProxy = EE9F18E82713A5B4005A5BF3 /* PBXContainerItemProxy */;
		};
		EE9F18F42713A5B4005A5BF3 /* PBXTargetDependency */ = {
			isa = PBXTargetDependency;
			target = EE9F18D02713A5B3005A5BF3 /* CounterApp */;
			targetProxy = EE9F18F32713A5B4005A5BF3 /* PBXContainerItemProxy */;
		};
/* End PBXTargetDependency section */

/* Begin PBXVariantGroup section */
		EE9F18DA2713A5B3005A5BF3 /* Main.storyboard */ = {
			isa = PBXVariantGroup;
			children = (
				EE9F18DB2713A5B3005A5BF3 /* Base */,
			);
			name = Main.storyboard;
			sourceTree = "<group>";
		};
		EE9F18DF2713A5B4005A5BF3 /* LaunchScreen.storyboard */ = {
			isa = PBXVariantGroup;
			children = (
				EE9F18E02713A5B4005A5BF3 /* Base */,
			);
			name = LaunchScreen.storyboard;
			sourceTree = "<group>";
		};
/* End PBXVariantGroup section */

/* Begin XCBuildConfiguration section */
		EE9F18F92713A5B4005A5BF3 /* Debug */ = {
			isa = XCBuildConfiguration;
			buildSettings = {
				ALWAYS_SEARCH_USER_PATHS = NO;
				CLANG_ANALYZER_NONNULL = YES;
				CLANG_ANALYZER_NUMBER_OBJECT_CONVERSION = YES_AGGRESSIVE;
				CLANG_CXX_LANGUAGE_STANDARD = "gnu++14";
				CLANG_CXX_LIBRARY = "libc++";
				CLANG_ENABLE_MODULES = YES;
				CLANG_ENABLE_OBJC_ARC = YES;
				CLANG_ENABLE_OBJC_WEAK = YES;
				CLANG_WARN_BLOCK_CAPTURE_AUTORELEASING = YES;
				CLANG_WARN_BOOL_CONVERSION = YES;
				CLANG_WARN_COMMA = YES;
				CLANG_WARN_CONSTANT_CONVERSION = YES;
				CLANG_WARN_DEPRECATED_OBJC_IMPLEMENTATIONS = YES;
				CLANG_WARN_DIRECT_OBJC_ISA_USAGE = YES_ERROR;
				CLANG_WARN_DOCUMENTATION_COMMENTS = YES;
				CLANG_WARN_EMPTY_BODY = YES;
				CLANG_WARN_ENUM_CONVERSION = YES;
				CLANG_WARN_INFINITE_RECURSION = YES;
				CLANG_WARN_INT_CONVERSION = YES;
				CLANG_WARN_NON_LITERAL_NULL_CONVERSION = YES;
				CLANG_WARN_OBJC_IMPLICIT_RETAIN_SELF = YES;
				CLANG_WARN_OBJC_LITERAL_CONVERSION = YES;
				CLANG_WARN_OBJC_ROOT_CLASS = YES_ERROR;
				CLANG_WARN_QUOTED_INCLUDE_IN_FRAMEWORK_HEADER = YES;
				CLANG_WARN_RANGE_LOOP_ANALYSIS = YES;
				CLANG_WARN_STRICT_PROTOTYPES = YES;
				CLANG_WARN_SUSPICIOUS_MOVE = YES;
				CLANG_WARN_UNGUARDED_AVAILABILITY = YES_AGGRESSIVE;
				CLANG_WARN_UNREACHABLE_CODE = YES;
				CLANG_WARN__DUPLICATE_METHOD_MATCH = YES;
				COPY_PHASE_STRIP = NO;
				DEBUG_INFORMATION_FORMAT = dwarf;
				ENABLE_STRICT_OBJC_MSGSEND = YES;
				ENABLE_TESTABILITY = YES;
				GCC_C_LANGUAGE_STANDARD = gnu11;
				GCC_DYNAMIC_NO_PIC = NO;
				GCC_NO_COMMON_BLOCKS = YES;
				GCC_OPTIMIZATION_LEVEL = 0;
				GCC_PREPROCESSOR_DEFINITIONS = (
					"DEBUG=1",
					"$(inherited)",
				);
				GCC_WARN_64_TO_32_BIT_CONVERSION = YES;
				GCC_WARN_ABOUT_RETURN_TYPE = YES_ERROR;
				GCC_WARN_UNDECLARED_SELECTOR = YES;
				GCC_WARN_UNINITIALIZED_AUTOS = YES_AGGRESSIVE;
				GCC_WARN_UNUSED_FUNCTION = YES;
				GCC_WARN_UNUSED_VARIABLE = YES;
				IPHONEOS_DEPLOYMENT_TARGET = 14.5;
				MTL_ENABLE_DEBUG_INFO = INCLUDE_SOURCE;
				MTL_FAST_MATH = YES;
				ONLY_ACTIVE_ARCH = YES;
				SDKROOT = iphoneos;
				SWIFT_ACTIVE_COMPILATION_CONDITIONS = DEBUG;
				SWIFT_OPTIMIZATION_LEVEL = "-Onone";
			};
			name = Debug;
		};
		EE9F18FA2713A5B4005A5BF3 /* Release */ = {
			isa = XCBuildConfiguration;
			buildSettings = {
				ALWAYS_SEARCH_USER_PATHS = NO;
				CLANG_ANALYZER_NONNULL = YES;
				CLANG_ANALYZER_NUMBER_OBJECT_CONVERSION = YES_AGGRESSIVE;
				CLANG_CXX_LANGUAGE_STANDARD = "gnu++14";
				CLANG_CXX_LIBRARY = "libc++";
				CLANG_ENABLE_MODULES = YES;
				CLANG_ENABLE_OBJC_ARC = YES;
				CLANG_ENABLE_OBJC_WEAK = YES;
				CLANG_WARN_BLOCK_CAPTURE_AUTORELEASING = YES;
				CLANG_WARN_BOOL_CONVERSION = YES;
				CLANG_WARN_COMMA = YES;
				CLANG_WARN_CONSTANT_CONVERSION = YES;
				CLANG_WARN_DEPRECATED_OBJC_IMPLEMENTATIONS = YES;
				CLANG_WARN_DIRECT_OBJC_ISA_USAGE = YES_ERROR;
				CLANG_WARN_DOCUMENTATION_COMMENTS = YES;
				CLANG_WARN_EMPTY_BODY = YES;
				CLANG_WARN_ENUM_CONVERSION = YES;
				CLANG_WARN_INFINITE_RECURSION = YES;
				CLANG_WARN_INT_CONVERSION = YES;
				CLANG_WARN_NON_LITERAL_NULL_CONVERSION = YES;
				CLANG_WARN_OBJC_IMPLICIT_RETAIN_SELF = YES;
				CLANG_WARN_OBJC_LITERAL_CONVERSION = YES;
				CLANG_WARN_OBJC_ROOT_CLASS = YES_ERROR;
				CLANG_WARN_QUOTED_INCLUDE_IN_FRAMEWORK_HEADER = YES;
				CLANG_WARN_RANGE_LOOP_ANALYSIS = YES;
				CLANG_WARN_STRICT_PROTOTYPES = YES;
				CLANG_WARN_SUSPICIOUS_MOVE = YES;
				CLANG_WARN_UNGUARDED_AVAILABILITY = YES_AGGRESSIVE;
				CLANG_WARN_UNREACHABLE_CODE = YES;
				CLANG_WARN__DUPLICATE_METHOD_MATCH = YES;
				COPY_PHASE_STRIP = NO;
				DEBUG_INFORMATION_FORMAT = "dwarf-with-dsym";
				ENABLE_NS_ASSERTIONS = NO;
				ENABLE_STRICT_OBJC_MSGSEND = YES;
				GCC_C_LANGUAGE_STANDARD = gnu11;
				GCC_NO_COMMON_BLOCKS = YES;
				GCC_WARN_64_TO_32_BIT_CONVERSION = YES;
				GCC_WARN_ABOUT_RETURN_TYPE = YES_ERROR;
				GCC_WARN_UNDECLARED_SELECTOR = YES;
				GCC_WARN_UNINITIALIZED_AUTOS = YES_AGGRESSIVE;
				GCC_WARN_UNUSED_FUNCTION = YES;
				GCC_WARN_UNUSED_VARIABLE = YES;
				IPHONEOS_DEPLOYMENT_TARGET = 14.5;
				MTL_ENABLE_DEBUG_INFO = NO;
				MTL_FAST_MATH = YES;
				SDKROOT = iphoneos;
				SWIFT_COMPILATION_MODE = wholemodule;
				SWIFT_OPTIMIZATION_LEVEL = "-O";
				VALIDATE_PRODUCT = YES;
			};
			name = Release;
		};
		EE9F18FC2713A5B4005A5BF3 /* Debug */ = {
			isa = XCBuildConfiguration;
			buildSettings = {
				ASSETCATALOG_COMPILER_APPICON_NAME = AppIcon;
				ASSETCATALOG_COMPILER_GLOBAL_ACCENT_COLOR_NAME = AccentColor;
				CODE_SIGN_STYLE = Automatic;
				INFOPLIST_FILE = CounterApp/Info.plist;
				LD_RUNPATH_SEARCH_PATHS = (
					"$(inherited)",
					"@executable_path/Frameworks",
				);
				PRODUCT_BUNDLE_IDENTIFIER = minh.CounterApp;
				PRODUCT_NAME = "$(TARGET_NAME)";
				SWIFT_VERSION = 5.0;
				TARGETED_DEVICE_FAMILY = "1,2";
			};
			name = Debug;
		};
		EE9F18FD2713A5B4005A5BF3 /* Release */ = {
			isa = XCBuildConfiguration;
			buildSettings = {
				ASSETCATALOG_COMPILER_APPICON_NAME = AppIcon;
				ASSETCATALOG_COMPILER_GLOBAL_ACCENT_COLOR_NAME = AccentColor;
				CODE_SIGN_STYLE = Automatic;
				INFOPLIST_FILE = CounterApp/Info.plist;
				LD_RUNPATH_SEARCH_PATHS = (
					"$(inherited)",
					"@executable_path/Frameworks",
				);
				PRODUCT_BUNDLE_IDENTIFIER = minh.CounterApp;
				PRODUCT_NAME = "$(TARGET_NAME)";
				SWIFT_VERSION = 5.0;
				TARGETED_DEVICE_FAMILY = "1,2";
			};
			name = Release;
		};
		EE9F18FF2713A5B4005A5BF3 /* Debug */ = {
			isa = XCBuildConfiguration;
			buildSettings = {
				ALWAYS_EMBED_SWIFT_STANDARD_LIBRARIES = YES;
				BUNDLE_LOADER = "$(TEST_HOST)";
				CODE_SIGN_STYLE = Automatic;
				INFOPLIST_FILE = CounterAppTests/Info.plist;
				IPHONEOS_DEPLOYMENT_TARGET = 14.5;
				LD_RUNPATH_SEARCH_PATHS = (
					"$(inherited)",
					"@executable_path/Frameworks",
					"@loader_path/Frameworks",
				);
				PRODUCT_BUNDLE_IDENTIFIER = minh.CounterAppTests;
				PRODUCT_NAME = "$(TARGET_NAME)";
				SWIFT_VERSION = 5.0;
				TARGETED_DEVICE_FAMILY = "1,2";
				TEST_HOST = "$(BUILT_PRODUCTS_DIR)/CounterApp.app/CounterApp";
			};
			name = Debug;
		};
		EE9F19002713A5B4005A5BF3 /* Release */ = {
			isa = XCBuildConfiguration;
			buildSettings = {
				ALWAYS_EMBED_SWIFT_STANDARD_LIBRARIES = YES;
				BUNDLE_LOADER = "$(TEST_HOST)";
				CODE_SIGN_STYLE = Automatic;
				INFOPLIST_FILE = CounterAppTests/Info.plist;
				IPHONEOS_DEPLOYMENT_TARGET = 14.5;
				LD_RUNPATH_SEARCH_PATHS = (
					"$(inherited)",
					"@executable_path/Frameworks",
					"@loader_path/Frameworks",
				);
				PRODUCT_BUNDLE_IDENTIFIER = minh.CounterAppTests;
				PRODUCT_NAME = "$(TARGET_NAME)";
				SWIFT_VERSION = 5.0;
				TARGETED_DEVICE_FAMILY = "1,2";
				TEST_HOST = "$(BUILT_PRODUCTS_DIR)/CounterApp.app/CounterApp";
			};
			name = Release;
		};
		EE9F19022713A5B4005A5BF3 /* Debug */ = {
			isa = XCBuildConfiguration;
			buildSettings = {
				ALWAYS_EMBED_SWIFT_STANDARD_LIBRARIES = YES;
				CODE_SIGN_STYLE = Automatic;
				INFOPLIST_FILE = CounterAppUITests/Info.plist;
				LD_RUNPATH_SEARCH_PATHS = (
					"$(inherited)",
					"@executable_path/Frameworks",
					"@loader_path/Frameworks",
				);
				PRODUCT_BUNDLE_IDENTIFIER = minh.CounterAppUITests;
				PRODUCT_NAME = "$(TARGET_NAME)";
				SWIFT_VERSION = 5.0;
				TARGETED_DEVICE_FAMILY = "1,2";
				TEST_TARGET_NAME = CounterApp;
			};
			name = Debug;
		};
		EE9F19032713A5B4005A5BF3 /* Release */ = {
			isa = XCBuildConfiguration;
			buildSettings = {
				ALWAYS_EMBED_SWIFT_STANDARD_LIBRARIES = YES;
				CODE_SIGN_STYLE = Automatic;
				INFOPLIST_FILE = CounterAppUITests/Info.plist;
				LD_RUNPATH_SEARCH_PATHS = (
					"$(inherited)",
					"@executable_path/Frameworks",
					"@loader_path/Frameworks",
				);
				PRODUCT_BUNDLE_IDENTIFIER = minh.CounterAppUITests;
				PRODUCT_NAME = "$(TARGET_NAME)";
				SWIFT_VERSION = 5.0;
				TARGETED_DEVICE_FAMILY = "1,2";
				TEST_TARGET_NAME = CounterApp;
			};
			name = Release;
		};
/* End XCBuildConfiguration section */

/* Begin XCConfigurationList section */
		EE9F18CC2713A5B3005A5BF3 /* Build configuration list for PBXProject "CounterApp" */ = {
			isa = XCConfigurationList;
			buildConfigurations = (
				EE9F18F92713A5B4005A5BF3 /* Debug */,
				EE9F18FA2713A5B4005A5BF3 /* Release */,
			);
			defaultConfigurationIsVisible = 0;
			defaultConfigurationName = Release;
		};
		EE9F18FB2713A5B4005A5BF3 /* Build configuration list for PBXNativeTarget "CounterApp" */ = {
			isa = XCConfigurationList;
			buildConfigurations = (
				EE9F18FC2713A5B4005A5BF3 /* Debug */,
				EE9F18FD2713A5B4005A5BF3 /* Release */,
			);
			defaultConfigurationIsVisible = 0;
			defaultConfigurationName = Release;
		};
		EE9F18FE2713A5B4005A5BF3 /* Build configuration list for PBXNativeTarget "CounterAppTests" */ = {
			isa = XCConfigurationList;
			buildConfigurations = (
				EE9F18FF2713A5B4005A5BF3 /* Debug */,
				EE9F19002713A5B4005A5BF3 /* Release */,
			);
			defaultConfigurationIsVisible = 0;
			defaultConfigurationName = Release;
		};
		EE9F19012713A5B4005A5BF3 /* Build configuration list for PBXNativeTarget "CounterAppUITests" */ = {
			isa = XCConfigurationList;
			buildConfigurations = (
				EE9F19022713A5B4005A5BF3 /* Debug */,
				EE9F19032713A5B4005A5BF3 /* Release */,
			);
			defaultConfigurationIsVisible = 0;
			defaultConfigurationName = Release;
		};
/* End XCConfigurationList section */
	};
	rootObject = EE9F18C92713A5B3005A5BF3 /* Project object */;
}
