// !$*UTF8*$!
{
	archiveVersion = 1;
	classes = {
	};
	objectVersion = 50;
	objects = {

/* Begin PBXBuildFile section */
		EE5E50AF270BC19B00003FA1 /* AppDelegate.swift in Sources */ = {isa = PBXBuildFile; fileRef = EE5E50AE270BC19B00003FA1 /* AppDelegate.swift */; };
		EE5E50B1270BC19B00003FA1 /* ViewController.swift in Sources */ = {isa = PBXBuildFile; fileRef = EE5E50B0270BC19B00003FA1 /* ViewController.swift */; };
		EE5E50B3270BC19D00003FA1 /* Assets.xcassets in Resources */ = {isa = PBXBuildFile; fileRef = EE5E50B2270BC19D00003FA1 /* Assets.xcassets */; };
		EE5E50B6270BC19D00003FA1 /* Main.storyboard in Resources */ = {isa = PBXBuildFile; fileRef = EE5E50B4270BC19D00003FA1 /* Main.storyboard */; };
		EE5E50C2270BC19D00003FA1 /* FirstUIAppTests.swift in Sources */ = {isa = PBXBuildFile; fileRef = EE5E50C1270BC19D00003FA1 /* FirstUIAppTests.swift */; };
		EE5E50CD270BC19D00003FA1 /* FirstUIAppUITests.swift in Sources */ = {isa = PBXBuildFile; fileRef = EE5E50CC270BC19D00003FA1 /* FirstUIAppUITests.swift */; };
/* End PBXBuildFile section */

/* Begin PBXContainerItemProxy section */
		EE5E50BE270BC19D00003FA1 /* PBXContainerItemProxy */ = {
			isa = PBXContainerItemProxy;
			containerPortal = EE5E50A3270BC19B00003FA1 /* Project object */;
			proxyType = 1;
			remoteGlobalIDString = EE5E50AA270BC19B00003FA1;
			remoteInfo = FirstUIApp;
		};
		EE5E50C9270BC19D00003FA1 /* PBXContainerItemProxy */ = {
			isa = PBXContainerItemProxy;
			containerPortal = EE5E50A3270BC19B00003FA1 /* Project object */;
			proxyType = 1;
			remoteGlobalIDString = EE5E50AA270BC19B00003FA1;
			remoteInfo = FirstUIApp;
		};
/* End PBXContainerItemProxy section */

/* Begin PBXFileReference section */
		EE5E50AB270BC19B00003FA1 /* FirstUIApp.app */ = {isa = PBXFileReference; explicitFileType = wrapper.application; includeInIndex = 0; path = FirstUIApp.app; sourceTree = BUILT_PRODUCTS_DIR; };
		EE5E50AE270BC19B00003FA1 /* AppDelegate.swift */ = {isa = PBXFileReference; lastKnownFileType = sourcecode.swift; path = AppDelegate.swift; sourceTree = "<group>"; };
		EE5E50B0270BC19B00003FA1 /* ViewController.swift */ = {isa = PBXFileReference; lastKnownFileType = sourcecode.swift; path = ViewController.swift; sourceTree = "<group>"; };
		EE5E50B2270BC19D00003FA1 /* Assets.xcassets */ = {isa = PBXFileReference; lastKnownFileType = folder.assetcatalog; path = Assets.xcassets; sourceTree = "<group>"; };
		EE5E50B5270BC19D00003FA1 /* Base */ = {isa = PBXFileReference; lastKnownFileType = file.storyboard; name = Base; path = Base.lproj/Main.storyboard; sourceTree = "<group>"; };
		EE5E50B7270BC19D00003FA1 /* Info.plist */ = {isa = PBXFileReference; lastKnownFileType = text.plist.xml; path = Info.plist; sourceTree = "<group>"; };
		EE5E50B8270BC19D00003FA1 /* FirstUIApp.entitlements */ = {isa = PBXFileReference; lastKnownFileType = text.plist.entitlements; path = FirstUIApp.entitlements; sourceTree = "<group>"; };
		EE5E50BD270BC19D00003FA1 /* FirstUIAppTests.xctest */ = {isa = PBXFileReference; explicitFileType = wrapper.cfbundle; includeInIndex = 0; path = FirstUIAppTests.xctest; sourceTree = BUILT_PRODUCTS_DIR; };
		EE5E50C1270BC19D00003FA1 /* FirstUIAppTests.swift */ = {isa = PBXFileReference; lastKnownFileType = sourcecode.swift; path = FirstUIAppTests.swift; sourceTree = "<group>"; };
		EE5E50C3270BC19D00003FA1 /* Info.plist */ = {isa = PBXFileReference; lastKnownFileType = text.plist.xml; path = Info.plist; sourceTree = "<group>"; };
		EE5E50C8270BC19D00003FA1 /* FirstUIAppUITests.xctest */ = {isa = PBXFileReference; explicitFileType = wrapper.cfbundle; includeInIndex = 0; path = FirstUIAppUITests.xctest; sourceTree = BUILT_PRODUCTS_DIR; };
		EE5E50CC270BC19D00003FA1 /* FirstUIAppUITests.swift */ = {isa = PBXFileReference; lastKnownFileType = sourcecode.swift; path = FirstUIAppUITests.swift; sourceTree = "<group>"; };
		EE5E50CE270BC19D00003FA1 /* Info.plist */ = {isa = PBXFileReference; lastKnownFileType = text.plist.xml; path = Info.plist; sourceTree = "<group>"; };
/* End PBXFileReference section */

/* Begin PBXFrameworksBuildPhase section */
		EE5E50A8270BC19B00003FA1 /* Frameworks */ = {
			isa = PBXFrameworksBuildPhase;
			buildActionMask = 2147483647;
			files = (
			);
			runOnlyForDeploymentPostprocessing = 0;
		};
		EE5E50BA270BC19D00003FA1 /* Frameworks */ = {
			isa = PBXFrameworksBuildPhase;
			buildActionMask = 2147483647;
			files = (
			);
			runOnlyForDeploymentPostprocessing = 0;
		};
		EE5E50C5270BC19D00003FA1 /* Frameworks */ = {
			isa = PBXFrameworksBuildPhase;
			buildActionMask = 2147483647;
			files = (
			);
			runOnlyForDeploymentPostprocessing = 0;
		};
/* End PBXFrameworksBuildPhase section */

/* Begin PBXGroup section */
		EE5E50A2270BC19B00003FA1 = {
			isa = PBXGroup;
			children = (
				EE5E50AD270BC19B00003FA1 /* FirstUIApp */,
				EE5E50C0270BC19D00003FA1 /* FirstUIAppTests */,
				EE5E50CB270BC19D00003FA1 /* FirstUIAppUITests */,
				EE5E50AC270BC19B00003FA1 /* Products */,
			);
			sourceTree = "<group>";
		};
		EE5E50AC270BC19B00003FA1 /* Products */ = {
			isa = PBXGroup;
			children = (
				EE5E50AB270BC19B00003FA1 /* FirstUIApp.app */,
				EE5E50BD270BC19D00003FA1 /* FirstUIAppTests.xctest */,
				EE5E50C8270BC19D00003FA1 /* FirstUIAppUITests.xctest */,
			);
			name = Products;
			sourceTree = "<group>";
		};
		EE5E50AD270BC19B00003FA1 /* FirstUIApp */ = {
			isa = PBXGroup;
			children = (
				EE5E50AE270BC19B00003FA1 /* AppDelegate.swift */,
				EE5E50B0270BC19B00003FA1 /* ViewController.swift */,
				EE5E50B2270BC19D00003FA1 /* Assets.xcassets */,
				EE5E50B4270BC19D00003FA1 /* Main.storyboard */,
				EE5E50B7270BC19D00003FA1 /* Info.plist */,
				EE5E50B8270BC19D00003FA1 /* FirstUIApp.entitlements */,
			);
			path = FirstUIApp;
			sourceTree = "<group>";
		};
		EE5E50C0270BC19D00003FA1 /* FirstUIAppTests */ = {
			isa = PBXGroup;
			children = (
				EE5E50C1270BC19D00003FA1 /* FirstUIAppTests.swift */,
				EE5E50C3270BC19D00003FA1 /* Info.plist */,
			);
			path = FirstUIAppTests;
			sourceTree = "<group>";
		};
		EE5E50CB270BC19D00003FA1 /* FirstUIAppUITests */ = {
			isa = PBXGroup;
			children = (
				EE5E50CC270BC19D00003FA1 /* FirstUIAppUITests.swift */,
				EE5E50CE270BC19D00003FA1 /* Info.plist */,
			);
			path = FirstUIAppUITests;
			sourceTree = "<group>";
		};
/* End PBXGroup section */

/* Begin PBXNativeTarget section */
		EE5E50AA270BC19B00003FA1 /* FirstUIApp */ = {
			isa = PBXNativeTarget;
			buildConfigurationList = EE5E50D1270BC19D00003FA1 /* Build configuration list for PBXNativeTarget "FirstUIApp" */;
			buildPhases = (
				EE5E50A7270BC19B00003FA1 /* Sources */,
				EE5E50A8270BC19B00003FA1 /* Frameworks */,
				EE5E50A9270BC19B00003FA1 /* Resources */,
			);
			buildRules = (
			);
			dependencies = (
			);
			name = FirstUIApp;
			productName = FirstUIApp;
			productReference = EE5E50AB270BC19B00003FA1 /* FirstUIApp.app */;
			productType = "com.apple.product-type.application";
		};
		EE5E50BC270BC19D00003FA1 /* FirstUIAppTests */ = {
			isa = PBXNativeTarget;
			buildConfigurationList = EE5E50D4270BC19D00003FA1 /* Build configuration list for PBXNativeTarget "FirstUIAppTests" */;
			buildPhases = (
				EE5E50B9270BC19D00003FA1 /* Sources */,
				EE5E50BA270BC19D00003FA1 /* Frameworks */,
				EE5E50BB270BC19D00003FA1 /* Resources */,
			);
			buildRules = (
			);
			dependencies = (
				EE5E50BF270BC19D00003FA1 /* PBXTargetDependency */,
			);
			name = FirstUIAppTests;
			productName = FirstUIAppTests;
			productReference = EE5E50BD270BC19D00003FA1 /* FirstUIAppTests.xctest */;
			productType = "com.apple.product-type.bundle.unit-test";
		};
		EE5E50C7270BC19D00003FA1 /* FirstUIAppUITests */ = {
			isa = PBXNativeTarget;
			buildConfigurationList = EE5E50D7270BC19D00003FA1 /* Build configuration list for PBXNativeTarget "FirstUIAppUITests" */;
			buildPhases = (
				EE5E50C4270BC19D00003FA1 /* Sources */,
				EE5E50C5270BC19D00003FA1 /* Frameworks */,
				EE5E50C6270BC19D00003FA1 /* Resources */,
			);
			buildRules = (
			);
			dependencies = (
				EE5E50CA270BC19D00003FA1 /* PBXTargetDependency */,
			);
			name = FirstUIAppUITests;
			productName = FirstUIAppUITests;
			productReference = EE5E50C8270BC19D00003FA1 /* FirstUIAppUITests.xctest */;
			productType = "com.apple.product-type.bundle.ui-testing";
		};
/* End PBXNativeTarget section */

/* Begin PBXProject section */
		EE5E50A3270BC19B00003FA1 /* Project object */ = {
			isa = PBXProject;
			attributes = {
				LastSwiftUpdateCheck = 1250;
				LastUpgradeCheck = 1250;
				TargetAttributes = {
					EE5E50AA270BC19B00003FA1 = {
						CreatedOnToolsVersion = 12.5.1;
					};
					EE5E50BC270BC19D00003FA1 = {
						CreatedOnToolsVersion = 12.5.1;
						TestTargetID = EE5E50AA270BC19B00003FA1;
					};
					EE5E50C7270BC19D00003FA1 = {
						CreatedOnToolsVersion = 12.5.1;
						TestTargetID = EE5E50AA270BC19B00003FA1;
					};
				};
			};
			buildConfigurationList = EE5E50A6270BC19B00003FA1 /* Build configuration list for PBXProject "FirstUIApp" */;
			compatibilityVersion = "Xcode 9.3";
			developmentRegion = en;
			hasScannedForEncodings = 0;
			knownRegions = (
				en,
				Base,
			);
			mainGroup = EE5E50A2270BC19B00003FA1;
			productRefGroup = EE5E50AC270BC19B00003FA1 /* Products */;
			projectDirPath = "";
			projectRoot = "";
			targets = (
				EE5E50AA270BC19B00003FA1 /* FirstUIApp */,
				EE5E50BC270BC19D00003FA1 /* FirstUIAppTests */,
				EE5E50C7270BC19D00003FA1 /* FirstUIAppUITests */,
			);
		};
/* End PBXProject section */

/* Begin PBXResourcesBuildPhase section */
		EE5E50A9270BC19B00003FA1 /* Resources */ = {
			isa = PBXResourcesBuildPhase;
			buildActionMask = 2147483647;
			files = (
				EE5E50B3270BC19D00003FA1 /* Assets.xcassets in Resources */,
				EE5E50B6270BC19D00003FA1 /* Main.storyboard in Resources */,
			);
			runOnlyForDeploymentPostprocessing = 0;
		};
		EE5E50BB270BC19D00003FA1 /* Resources */ = {
			isa = PBXResourcesBuildPhase;
			buildActionMask = 2147483647;
			files = (
			);
			runOnlyForDeploymentPostprocessing = 0;
		};
		EE5E50C6270BC19D00003FA1 /* Resources */ = {
			isa = PBXResourcesBuildPhase;
			buildActionMask = 2147483647;
			files = (
			);
			runOnlyForDeploymentPostprocessing = 0;
		};
/* End PBXResourcesBuildPhase section */

/* Begin PBXSourcesBuildPhase section */
		EE5E50A7270BC19B00003FA1 /* Sources */ = {
			isa = PBXSourcesBuildPhase;
			buildActionMask = 2147483647;
			files = (
				EE5E50B1270BC19B00003FA1 /* ViewController.swift in Sources */,
				EE5E50AF270BC19B00003FA1 /* AppDelegate.swift in Sources */,
			);
			runOnlyForDeploymentPostprocessing = 0;
		};
		EE5E50B9270BC19D00003FA1 /* Sources */ = {
			isa = PBXSourcesBuildPhase;
			buildActionMask = 2147483647;
			files = (
				EE5E50C2270BC19D00003FA1 /* FirstUIAppTests.swift in Sources */,
			);
			runOnlyForDeploymentPostprocessing = 0;
		};
		EE5E50C4270BC19D00003FA1 /* Sources */ = {
			isa = PBXSourcesBuildPhase;
			buildActionMask = 2147483647;
			files = (
				EE5E50CD270BC19D00003FA1 /* FirstUIAppUITests.swift in Sources */,
			);
			runOnlyForDeploymentPostprocessing = 0;
		};
/* End PBXSourcesBuildPhase section */

/* Begin PBXTargetDependency section */
		EE5E50BF270BC19D00003FA1 /* PBXTargetDependency */ = {
			isa = PBXTargetDependency;
			target = EE5E50AA270BC19B00003FA1 /* FirstUIApp */;
			targetProxy = EE5E50BE270BC19D00003FA1 /* PBXContainerItemProxy */;
		};
		EE5E50CA270BC19D00003FA1 /* PBXTargetDependency */ = {
			isa = PBXTargetDependency;
			target = EE5E50AA270BC19B00003FA1 /* FirstUIApp */;
			targetProxy = EE5E50C9270BC19D00003FA1 /* PBXContainerItemProxy */;
		};
/* End PBXTargetDependency section */

/* Begin PBXVariantGroup section */
		EE5E50B4270BC19D00003FA1 /* Main.storyboard */ = {
			isa = PBXVariantGroup;
			children = (
				EE5E50B5270BC19D00003FA1 /* Base */,
			);
			name = Main.storyboard;
			sourceTree = "<group>";
		};
/* End PBXVariantGroup section */

/* Begin XCBuildConfiguration section */
		EE5E50CF270BC19D00003FA1 /* Debug */ = {
			isa = XCBuildConfiguration;
			buildSettings = {
				ALWAYS_SEARCH_USER_PATHS = NO;
				CLANG_ANALYZER_NONNULL = YES;
				CLANG_ANALYZER_NUMBER_OBJECT_CONVERSION = YES_AGGRESSIVE;
				CLANG_CXX_LANGUAGE_STANDARD = "gnu++14";
				CLANG_CXX_LIBRARY = "libc++";
				CLANG_ENABLE_MODULES = YES;
				CLANG_ENABLE_OBJC_ARC = YES;
				CLANG_ENABLE_OBJC_WEAK = YES;
				CLANG_WARN_BLOCK_CAPTURE_AUTORELEASING = YES;
				CLANG_WARN_BOOL_CONVERSION = YES;
				CLANG_WARN_COMMA = YES;
				CLANG_WARN_CONSTANT_CONVERSION = YES;
				CLANG_WARN_DEPRECATED_OBJC_IMPLEMENTATIONS = YES;
				CLANG_WARN_DIRECT_OBJC_ISA_USAGE = YES_ERROR;
				CLANG_WARN_DOCUMENTATION_COMMENTS = YES;
				CLANG_WARN_EMPTY_BODY = YES;
				CLANG_WARN_ENUM_CONVERSION = YES;
				CLANG_WARN_INFINITE_RECURSION = YES;
				CLANG_WARN_INT_CONVERSION = YES;
				CLANG_WARN_NON_LITERAL_NULL_CONVERSION = YES;
				CLANG_WARN_OBJC_IMPLICIT_RETAIN_SELF = YES;
				CLANG_WARN_OBJC_LITERAL_CONVERSION = YES;
				CLANG_WARN_OBJC_ROOT_CLASS = YES_ERROR;
				CLANG_WARN_QUOTED_INCLUDE_IN_FRAMEWORK_HEADER = YES;
				CLANG_WARN_RANGE_LOOP_ANALYSIS = YES;
				CLANG_WARN_STRICT_PROTOTYPES = YES;
				CLANG_WARN_SUSPICIOUS_MOVE = YES;
				CLANG_WARN_UNGUARDED_AVAILABILITY = YES_AGGRESSIVE;
				CLANG_WARN_UNREACHABLE_CODE = YES;
				CLANG_WARN__DUPLICATE_METHOD_MATCH = YES;
				COPY_PHASE_STRIP = NO;
				DEBUG_INFORMATION_FORMAT = dwarf;
				ENABLE_STRICT_OBJC_MSGSEND = YES;
				ENABLE_TESTABILITY = YES;
				GCC_C_LANGUAGE_STANDARD = gnu11;
				GCC_DYNAMIC_NO_PIC = NO;
				GCC_NO_COMMON_BLOCKS = YES;
				GCC_OPTIMIZATION_LEVEL = 0;
				GCC_PREPROCESSOR_DEFINITIONS = (
					"DEBUG=1",
					"$(inherited)",
				);
				GCC_WARN_64_TO_32_BIT_CONVERSION = YES;
				GCC_WARN_ABOUT_RETURN_TYPE = YES_ERROR;
				GCC_WARN_UNDECLARED_SELECTOR = YES;
				GCC_WARN_UNINITIALIZED_AUTOS = YES_AGGRESSIVE;
				GCC_WARN_UNUSED_FUNCTION = YES;
				GCC_WARN_UNUSED_VARIABLE = YES;
				MACOSX_DEPLOYMENT_TARGET = 11.3;
				MTL_ENABLE_DEBUG_INFO = INCLUDE_SOURCE;
				MTL_FAST_MATH = YES;
				ONLY_ACTIVE_ARCH = YES;
				SDKROOT = macosx;
				SWIFT_ACTIVE_COMPILATION_CONDITIONS = DEBUG;
				SWIFT_OPTIMIZATION_LEVEL = "-Onone";
			};
			name = Debug;
		};
		EE5E50D0270BC19D00003FA1 /* Release */ = {
			isa = XCBuildConfiguration;
			buildSettings = {
				ALWAYS_SEARCH_USER_PATHS = NO;
				CLANG_ANALYZER_NONNULL = YES;
				CLANG_ANALYZER_NUMBER_OBJECT_CONVERSION = YES_AGGRESSIVE;
				CLANG_CXX_LANGUAGE_STANDARD = "gnu++14";
				CLANG_CXX_LIBRARY = "libc++";
				CLANG_ENABLE_MODULES = YES;
				CLANG_ENABLE_OBJC_ARC = YES;
				CLANG_ENABLE_OBJC_WEAK = YES;
				CLANG_WARN_BLOCK_CAPTURE_AUTORELEASING = YES;
				CLANG_WARN_BOOL_CONVERSION = YES;
				CLANG_WARN_COMMA = YES;
				CLANG_WARN_CONSTANT_CONVERSION = YES;
				CLANG_WARN_DEPRECATED_OBJC_IMPLEMENTATIONS = YES;
				CLANG_WARN_DIRECT_OBJC_ISA_USAGE = YES_ERROR;
				CLANG_WARN_DOCUMENTATION_COMMENTS = YES;
				CLANG_WARN_EMPTY_BODY = YES;
				CLANG_WARN_ENUM_CONVERSION = YES;
				CLANG_WARN_INFINITE_RECURSION = YES;
				CLANG_WARN_INT_CONVERSION = YES;
				CLANG_WARN_NON_LITERAL_NULL_CONVERSION = YES;
				CLANG_WARN_OBJC_IMPLICIT_RETAIN_SELF = YES;
				CLANG_WARN_OBJC_LITERAL_CONVERSION = YES;
				CLANG_WARN_OBJC_ROOT_CLASS = YES_ERROR;
				CLANG_WARN_QUOTED_INCLUDE_IN_FRAMEWORK_HEADER = YES;
				CLANG_WARN_RANGE_LOOP_ANALYSIS = YES;
				CLANG_WARN_STRICT_PROTOTYPES = YES;
				CLANG_WARN_SUSPICIOUS_MOVE = YES;
				CLANG_WARN_UNGUARDED_AVAILABILITY = YES_AGGRESSIVE;
				CLANG_WARN_UNREACHABLE_CODE = YES;
				CLANG_WARN__DUPLICATE_METHOD_MATCH = YES;
				COPY_PHASE_STRIP = NO;
				DEBUG_INFORMATION_FORMAT = "dwarf-with-dsym";
				ENABLE_NS_ASSERTIONS = NO;
				ENABLE_STRICT_OBJC_MSGSEND = YES;
				GCC_C_LANGUAGE_STANDARD = gnu11;
				GCC_NO_COMMON_BLOCKS = YES;
				GCC_WARN_64_TO_32_BIT_CONVERSION = YES;
				GCC_WARN_ABOUT_RETURN_TYPE = YES_ERROR;
				GCC_WARN_UNDECLARED_SELECTOR = YES;
				GCC_WARN_UNINITIALIZED_AUTOS = YES_AGGRESSIVE;
				GCC_WARN_UNUSED_FUNCTION = YES;
				GCC_WARN_UNUSED_VARIABLE = YES;
				MACOSX_DEPLOYMENT_TARGET = 11.3;
				MTL_ENABLE_DEBUG_INFO = NO;
				MTL_FAST_MATH = YES;
				SDKROOT = macosx;
				SWIFT_COMPILATION_MODE = wholemodule;
				SWIFT_OPTIMIZATION_LEVEL = "-O";
			};
			name = Release;
		};
		EE5E50D2270BC19D00003FA1 /* Debug */ = {
			isa = XCBuildConfiguration;
			buildSettings = {
				ASSETCATALOG_COMPILER_APPICON_NAME = AppIcon;
				ASSETCATALOG_COMPILER_GLOBAL_ACCENT_COLOR_NAME = AccentColor;
				CODE_SIGN_ENTITLEMENTS = FirstUIApp/FirstUIApp.entitlements;
				CODE_SIGN_STYLE = Automatic;
				COMBINE_HIDPI_IMAGES = YES;
				INFOPLIST_FILE = FirstUIApp/Info.plist;
				LD_RUNPATH_SEARCH_PATHS = (
					"$(inherited)",
					"@executable_path/../Frameworks",
				);
				MACOSX_DEPLOYMENT_TARGET = 11.3;
				PRODUCT_BUNDLE_IDENTIFIER = minh.FirstUIApp;
				PRODUCT_NAME = "$(TARGET_NAME)";
				SWIFT_VERSION = 5.0;
			};
			name = Debug;
		};
		EE5E50D3270BC19D00003FA1 /* Release */ = {
			isa = XCBuildConfiguration;
			buildSettings = {
				ASSETCATALOG_COMPILER_APPICON_NAME = AppIcon;
				ASSETCATALOG_COMPILER_GLOBAL_ACCENT_COLOR_NAME = AccentColor;
				CODE_SIGN_ENTITLEMENTS = FirstUIApp/FirstUIApp.entitlements;
				CODE_SIGN_STYLE = Automatic;
				COMBINE_HIDPI_IMAGES = YES;
				INFOPLIST_FILE = FirstUIApp/Info.plist;
				LD_RUNPATH_SEARCH_PATHS = (
					"$(inherited)",
					"@executable_path/../Frameworks",
				);
				MACOSX_DEPLOYMENT_TARGET = 11.3;
				PRODUCT_BUNDLE_IDENTIFIER = minh.FirstUIApp;
				PRODUCT_NAME = "$(TARGET_NAME)";
				SWIFT_VERSION = 5.0;
			};
			name = Release;
		};
		EE5E50D5270BC19D00003FA1 /* Debug */ = {
			isa = XCBuildConfiguration;
			buildSettings = {
				ALWAYS_EMBED_SWIFT_STANDARD_LIBRARIES = YES;
				BUNDLE_LOADER = "$(TEST_HOST)";
				CODE_SIGN_STYLE = Automatic;
				COMBINE_HIDPI_IMAGES = YES;
				INFOPLIST_FILE = FirstUIAppTests/Info.plist;
				LD_RUNPATH_SEARCH_PATHS = (
					"$(inherited)",
					"@executable_path/../Frameworks",
					"@loader_path/../Frameworks",
				);
				MACOSX_DEPLOYMENT_TARGET = 11.3;
				PRODUCT_BUNDLE_IDENTIFIER = minh.FirstUIAppTests;
				PRODUCT_NAME = "$(TARGET_NAME)";
				SWIFT_VERSION = 5.0;
				TEST_HOST = "$(BUILT_PRODUCTS_DIR)/FirstUIApp.app/Contents/MacOS/FirstUIApp";
			};
			name = Debug;
		};
		EE5E50D6270BC19D00003FA1 /* Release */ = {
			isa = XCBuildConfiguration;
			buildSettings = {
				ALWAYS_EMBED_SWIFT_STANDARD_LIBRARIES = YES;
				BUNDLE_LOADER = "$(TEST_HOST)";
				CODE_SIGN_STYLE = Automatic;
				COMBINE_HIDPI_IMAGES = YES;
				INFOPLIST_FILE = FirstUIAppTests/Info.plist;
				LD_RUNPATH_SEARCH_PATHS = (
					"$(inherited)",
					"@executable_path/../Frameworks",
					"@loader_path/../Frameworks",
				);
				MACOSX_DEPLOYMENT_TARGET = 11.3;
				PRODUCT_BUNDLE_IDENTIFIER = minh.FirstUIAppTests;
				PRODUCT_NAME = "$(TARGET_NAME)";
				SWIFT_VERSION = 5.0;
				TEST_HOST = "$(BUILT_PRODUCTS_DIR)/FirstUIApp.app/Contents/MacOS/FirstUIApp";
			};
			name = Release;
		};
		EE5E50D8270BC19D00003FA1 /* Debug */ = {
			isa = XCBuildConfiguration;
			buildSettings = {
				ALWAYS_EMBED_SWIFT_STANDARD_LIBRARIES = YES;
				CODE_SIGN_STYLE = Automatic;
				COMBINE_HIDPI_IMAGES = YES;
				INFOPLIST_FILE = FirstUIAppUITests/Info.plist;
				LD_RUNPATH_SEARCH_PATHS = (
					"$(inherited)",
					"@executable_path/../Frameworks",
					"@loader_path/../Frameworks",
				);
				PRODUCT_BUNDLE_IDENTIFIER = minh.FirstUIAppUITests;
				PRODUCT_NAME = "$(TARGET_NAME)";
				SWIFT_VERSION = 5.0;
				TEST_TARGET_NAME = FirstUIApp;
			};
			name = Debug;
		};
		EE5E50D9270BC19D00003FA1 /* Release */ = {
			isa = XCBuildConfiguration;
			buildSettings = {
				ALWAYS_EMBED_SWIFT_STANDARD_LIBRARIES = YES;
				CODE_SIGN_STYLE = Automatic;
				COMBINE_HIDPI_IMAGES = YES;
				INFOPLIST_FILE = FirstUIAppUITests/Info.plist;
				LD_RUNPATH_SEARCH_PATHS = (
					"$(inherited)",
					"@executable_path/../Frameworks",
					"@loader_path/../Frameworks",
				);
				PRODUCT_BUNDLE_IDENTIFIER = minh.FirstUIAppUITests;
				PRODUCT_NAME = "$(TARGET_NAME)";
				SWIFT_VERSION = 5.0;
				TEST_TARGET_NAME = FirstUIApp;
			};
			name = Release;
		};
/* End XCBuildConfiguration section */

/* Begin XCConfigurationList section */
		EE5E50A6270BC19B00003FA1 /* Build configuration list for PBXProject "FirstUIApp" */ = {
			isa = XCConfigurationList;
			buildConfigurations = (
				EE5E50CF270BC19D00003FA1 /* Debug */,
				EE5E50D0270BC19D00003FA1 /* Release */,
			);
			defaultConfigurationIsVisible = 0;
			defaultConfigurationName = Release;
		};
		EE5E50D1270BC19D00003FA1 /* Build configuration list for PBXNativeTarget "FirstUIApp" */ = {
			isa = XCConfigurationList;
			buildConfigurations = (
				EE5E50D2270BC19D00003FA1 /* Debug */,
				EE5E50D3270BC19D00003FA1 /* Release */,
			);
			defaultConfigurationIsVisible = 0;
			defaultConfigurationName = Release;
		};
		EE5E50D4270BC19D00003FA1 /* Build configuration list for PBXNativeTarget "FirstUIAppTests" */ = {
			isa = XCConfigurationList;
			buildConfigurations = (
				EE5E50D5270BC19D00003FA1 /* Debug */,
				EE5E50D6270BC19D00003FA1 /* Release */,
			);
			defaultConfigurationIsVisible = 0;
			defaultConfigurationName = Release;
		};
		EE5E50D7270BC19D00003FA1 /* Build configuration list for PBXNativeTarget "FirstUIAppUITests" */ = {
			isa = XCConfigurationList;
			buildConfigurations = (
				EE5E50D8270BC19D00003FA1 /* Debug */,
				EE5E50D9270BC19D00003FA1 /* Release */,
			);
			defaultConfigurationIsVisible = 0;
			defaultConfigurationName = Release;
		};
/* End XCConfigurationList section */
	};
	rootObject = EE5E50A3270BC19B00003FA1 /* Project object */;
}
